
Microsoft Visual Studio Solution File, Format Version 12.00
# Visual Studio Version 17
VisualStudioVersion = 17.4.33110.190
MinimumVisualStudioVersion = 10.0.40219.1
Project("{9A19103F-16F7-4668-BE54-9A1E7A4F7556}") = "Sample.Aggregator", "Sample.Aggregator\Sample.Aggregator.csproj", "{27650C6C-CB91-44ED-B988-CCA1A26FCD5C}"
EndProject
Project("{9A19103F-16F7-4668-BE54-9A1E7A4F7556}") = "Sample.Gateway", "Sample.Gateway\Sample.Gateway.csproj", "{8EF58521-6948-4047-8091-8445CDA21C66}"
EndProject
Project("{9A19103F-16F7-4668-BE54-9A1E7A4F7556}") = "Sample.ElfoOne", "Sample.ElfoOne\Sample.ElfoOne.csproj", "{379E26FC-4415-469E-9578-C54B53AD45B2}"
EndProject
Project("{9A19103F-16F7-4668-BE54-9A1E7A4F7556}") = "Sample.ElfoTwo", "Sample.ElfoTwo\Sample.ElfoTwo.csproj", "{19673B2D-3565-47CD-A9F7-B0EBDB6F0C96}"
EndProject
Project("{E53339B2-1760-4266-BCC7-CA923CBCF16C}") = "docker-compose", "docker-compose.dcproj", "{1876AD83-F41F-4AC0-9C33-77D7481C4E87}"
EndProject
Global
	GlobalSection(SolutionConfigurationPlatforms) = preSolution
		Debug|Any CPU = Debug|Any CPU
		Release|Any CPU = Release|Any CPU
	EndGlobalSection
	GlobalSection(ProjectConfigurationPlatforms) = postSolution
		{27650C6C-CB91-44ED-B988-CCA1A26FCD5C}.Debug|Any CPU.ActiveCfg = Debug|Any CPU
		{27650C6C-CB91-44ED-B988-CCA1A26FCD5C}.Debug|Any CPU.Build.0 = Debug|Any CPU
		{27650C6C-CB91-44ED-B988-CCA1A26FCD5C}.Release|Any CPU.ActiveCfg = Release|Any CPU
		{27650C6C-CB91-44ED-B988-CCA1A26FCD5C}.Release|Any CPU.Build.0 = Release|Any CPU
		{8EF58521-6948-4047-8091-8445CDA21C66}.Debug|Any CPU.ActiveCfg = Debug|Any CPU
		{8EF58521-6948-4047-8091-8445CDA21C66}.Debug|Any CPU.Build.0 = Debug|Any CPU
		{8EF58521-6948-4047-8091-8445CDA21C66}.Release|Any CPU.ActiveCfg = Release|Any CPU
		{8EF58521-6948-4047-8091-8445CDA21C66}.Release|Any CPU.Build.0 = Release|Any CPU
		{379E26FC-4415-469E-9578-C54B53AD45B2}.Debug|Any CPU.ActiveCfg = Debug|Any CPU
		{379E26FC-4415-469E-9578-C54B53AD45B2}.Debug|Any CPU.Build.0 = Debug|Any CPU
		{379E26FC-4415-469E-9578-C54B53AD45B2}.Release|Any CPU.ActiveCfg = Release|Any CPU
		{379E26FC-4415-469E-9578-C54B53AD45B2}.Release|Any CPU.Build.0 = Release|Any CPU
		{19673B2D-3565-47CD-A9F7-B0EBDB6F0C96}.Debug|Any CPU.ActiveCfg = Debug|Any CPU
		{19673B2D-3565-47CD-A9F7-B0EBDB6F0C96}.Debug|Any CPU.Build.0 = Debug|Any CPU
		{19673B2D-3565-47CD-A9F7-B0EBDB6F0C96}.Release|Any CPU.ActiveCfg = Release|Any CPU
		{19673B2D-3565-47CD-A9F7-B0EBDB6F0C96}.Release|Any CPU.Build.0 = Release|Any CPU
		{1876AD83-F41F-4AC0-9C33-77D7481C4E87}.Debug|Any CPU.ActiveCfg = Debug|Any CPU
		{1876AD83-F41F-4AC0-9C33-77D7481C4E87}.Debug|Any CPU.Build.0 = Debug|Any CPU
		{1876AD83-F41F-4AC0-9C33-77D7481C4E87}.Release|Any CPU.ActiveCfg = Release|Any CPU
		{1876AD83-F41F-4AC0-9C33-77D7481C4E87}.Release|Any CPU.Build.0 = Release|Any CPU
	EndGlobalSection
	GlobalSection(SolutionProperties) = preSolution
		HideSolutionNode = FALSE
	EndGlobalSection
	GlobalSection(ExtensibilityGlobals) = postSolution
		SolutionGuid = {06FE66C4-ECAA-4700-8422-2B9F726FBE48}
	EndGlobalSection
EndGlobal
